<?xml version="1.0" encoding="utf-8"?>
<Project ToolsVersion="4.0" xmlns="http://schemas.microsoft.com/developer/msbuild/2003">
  <ItemGroup>
    <Filter Include="Source Files">
      <UniqueIdentifier>{4FC737F1-C7A5-4376-A066-2A32D752A2FF}</UniqueIdentifier>
      <Extensions>cpp;c;cc;cxx;c++;cppm;ixx;def;odl;idl;hpj;bat;asm;asmx</Extensions>
    </Filter>
    <Filter Include="Header Files">
      <UniqueIdentifier>{93995380-89BD-4b04-88EB-625FBE52EBFB}</UniqueIdentifier>
      <Extensions>h;hh;hpp;hxx;h++;hm;inl;inc;ipp;xsd</Extensions>
    </Filter>
    <Filter Include="Resource Files">
      <UniqueIdentifier>{67DA6AB6-F800-4c08-8B7A-83BB121AAD01}</UniqueIdentifier>
      <Extensions>rc;ico;cur;bmp;dlg;rc2;rct;bin;rgs;gif;jpg;jpeg;jpe;resx;tiff;tif;png;wav;mfcribbon-ms</Extensions>
    </Filter>
    <Filter Include="Source Files\core">
      <UniqueIdentifier>{6e804a6a-8495-4c7b-99d8-40cdf15e981a}</UniqueIdentifier>
    </Filter>
    <Filter Include="Header Files\core">
      <UniqueIdentifier>{ab565f96-7e4c-4553-9aff-cc99e9a7dd78}</UniqueIdentifier>
    </Filter>
    <Filter Include="Source Files\core\gpu">
      <UniqueIdentifier>{dba3852a-a25c-4f25-b604-68d3d3b1383d}</UniqueIdentifier>
    </Filter>
    <Filter Include="Header Files\core\gpu">
      <UniqueIdentifier>{112fb698-09f9-4c6a-9076-dd305f0491c3}</UniqueIdentifier>
    </Filter>
    <Filter Include="Source Files\core\gpu\vulkan">
      <UniqueIdentifier>{ffc1c797-0dcd-4aef-8f9f-bb4d9de3c139}</UniqueIdentifier>
    </Filter>
    <Filter Include="Source Files\core\gpu\gpu_detail">
      <UniqueIdentifier>{ca948e10-1622-4fe6-b81d-cef25a9a37e7}</UniqueIdentifier>
    </Filter>
    <Filter Include="Resource Files\shaders">
      <UniqueIdentifier>{669e76bf-29ac-4540-be2a-e98d1e1b01ce}</UniqueIdentifier>
    </Filter>
    <Filter Include="Source Files\graphics">
      <UniqueIdentifier>{f0f8d6f7-313d-45f3-9bea-b03ff55fa51a}</UniqueIdentifier>
    </Filter>
    <Filter Include="Header Files\graphics">
      <UniqueIdentifier>{260b59cd-219e-41fc-ad43-41e58fe1d403}</UniqueIdentifier>
    </Filter>
    <Filter Include="Header Files\graphics\resources">
      <UniqueIdentifier>{8e3f5a15-7bd5-4935-902c-76e50fea865c}</UniqueIdentifier>
    </Filter>
    <Filter Include="Header Files\loaders">
      <UniqueIdentifier>{426604fe-bce5-4add-af24-79f158bf1ff9}</UniqueIdentifier>
    </Filter>
    <Filter Include="Source Files\loaders">
      <UniqueIdentifier>{05673a73-e4b1-4dde-8aa6-dda25ddb6918}</UniqueIdentifier>
    </Filter>
    <Filter Include="Header Files\graphics\resources\object">
      <UniqueIdentifier>{8bfa7b30-46ed-4edc-8cd8-3ddd1882b352}</UniqueIdentifier>
    </Filter>
    <Filter Include="Header Files\graphics\resources\property">
      <UniqueIdentifier>{3737e3eb-bce0-4260-9680-a11a37364864}</UniqueIdentifier>
    </Filter>
    <Filter Include="Source Files\graphics\resources">
      <UniqueIdentifier>{b4a0c190-bc26-44b7-8c28-2f484b846e7b}</UniqueIdentifier>
    </Filter>
    <Filter Include="Source Files\graphics\resources\object">
      <UniqueIdentifier>{d56ec7a4-a8cf-444c-9ed0-19a13584f0f0}</UniqueIdentifier>
    </Filter>
    <Filter Include="Source Files\graphics\resources\property">
      <UniqueIdentifier>{2eab3814-ab48-462b-a881-0f5a08f2d551}</UniqueIdentifier>
    </Filter>
    <Filter Include="External">
      <UniqueIdentifier>{46c6671c-d437-48a1-a861-096c331d62d6}</UniqueIdentifier>
    </Filter>
    <Filter Include="External\ImGui">
      <UniqueIdentifier>{3b75a217-ceae-4fda-b3ef-fdd405fc0d7a}</UniqueIdentifier>
    </Filter>
    <Filter Include="External\ImGuizmo">
      <UniqueIdentifier>{c2ebceed-88ee-4fdd-b70a-dd7f67326125}</UniqueIdentifier>
    </Filter>
    <Filter Include="external\MDI">
      <UniqueIdentifier>{12838fcd-973e-4485-97c5-f924ada4441c}</UniqueIdentifier>
    </Filter>
    <Filter Include="external\fonts">
      <UniqueIdentifier>{bd25967c-d4f9-474d-a3ee-94157b94d36a}</UniqueIdentifier>
    </Filter>
    <Filter Include="external\portableFileDialogs">
      <UniqueIdentifier>{9060703a-032f-4e39-9ead-06e259c1f291}</UniqueIdentifier>
    </Filter>
    <Filter Include="Header Files\graphics\renderPass">
      <UniqueIdentifier>{53035896-8da1-4e1d-9be4-2aecda31c710}</UniqueIdentifier>
    </Filter>
    <Filter Include="Source Files\graphics\renderPass">
      <UniqueIdentifier>{0e0c78fb-1f6e-4e66-bfd3-f647c2b57927}</UniqueIdentifier>
    </Filter>
    <Filter Include="Header Files\core\input">
      <UniqueIdentifier>{cb3800e5-1697-4921-b0a5-d428adc6bf66}</UniqueIdentifier>
    </Filter>
    <Filter Include="Source Files\core\input">
      <UniqueIdentifier>{da79beb2-ea3f-4ad4-bfef-a8a249bfe15f}</UniqueIdentifier>
    </Filter>
    <Filter Include="Header Files\utils">
      <UniqueIdentifier>{3bf526df-3f99-42b9-9b38-25e6e348616f}</UniqueIdentifier>
    </Filter>
  </ItemGroup>
  <ItemGroup>
    <ClInclude Include="include\core\window.h">
      <Filter>Header Files\core</Filter>
    </ClInclude>
    <ClInclude Include="include\core\gpu\device.h">
      <Filter>Header Files\core\gpu</Filter>
    </ClInclude>
    <ClInclude Include="src\core\gpu\vulkan\device_impl.h">
      <Filter>Source Files\core\gpu\vulkan</Filter>
    </ClInclude>
    <ClInclude Include="include\core\gpu\descriptorSet.h">
      <Filter>Header Files\core\gpu</Filter>
    </ClInclude>
    <ClInclude Include="src\core\gpu\vulkan\descriptorSet_impl.h">
      <Filter>Source Files\core\gpu\vulkan</Filter>
    </ClInclude>
    <ClInclude Include="include\core\enum.h">
      <Filter>Header Files\core</Filter>
    </ClInclude>
    <ClInclude Include="include\core\gpu\buffer.h">
      <Filter>Header Files\core\gpu</Filter>
    </ClInclude>
    <ClInclude Include="src\core\gpu\vulkan\buffer_impl.h">
      <Filter>Source Files\core\gpu\vulkan</Filter>
    </ClInclude>
    <ClInclude Include="src\core\gpu_detail\converters.h">
      <Filter>Source Files\core\gpu\gpu_detail</Filter>
    </ClInclude>
    <ClInclude Include="include\core\gpu\image.h">
      <Filter>Header Files\core\gpu</Filter>
    </ClInclude>
    <ClInclude Include="src\core\gpu\vulkan\image_impl.h">
      <Filter>Source Files\core\gpu\vulkan</Filter>
    </ClInclude>
    <ClInclude Include="include\core\gpu\commandBuffer.h">
      <Filter>Header Files\core\gpu</Filter>
    </ClInclude>
    <ClInclude Include="src\core\gpu\vulkan\commandBuffer_impl.h">
      <Filter>Source Files\core\gpu\vulkan</Filter>
    </ClInclude>
    <ClInclude Include="src\core\gpu\vulkan\texture_impl.h">
      <Filter>Source Files\core\gpu\vulkan</Filter>
    </ClInclude>
    <ClInclude Include="include\core\gpu\descriptorPool.h">
      <Filter>Header Files\core\gpu</Filter>
    </ClInclude>
    <ClInclude Include="include\core\gpu\descriptorSetLayout.h">
      <Filter>Header Files\core\gpu</Filter>
    </ClInclude>
    <ClInclude Include="src\core\gpu\vulkan\descriptorSetLayout_impl.h">
      <Filter>Source Files\core\gpu\vulkan</Filter>
    </ClInclude>
    <ClInclude Include="src\core\gpu\vulkan\descriptorPool_impl.h">
      <Filter>Source Files\core\gpu\vulkan</Filter>
    </ClInclude>
    <ClInclude Include="include\core\gpu\commandPool.h">
      <Filter>Header Files\core\gpu</Filter>
    </ClInclude>
    <ClInclude Include="src\core\gpu\vulkan\commandPool_impl.h">
      <Filter>Source Files\core\gpu\vulkan</Filter>
    </ClInclude>
    <ClInclude Include="include\core\gpu\pipeline.h">
      <Filter>Header Files\core\gpu</Filter>
    </ClInclude>
    <ClInclude Include="src\core\gpu\vulkan\pipeline_impl.h">
      <Filter>Source Files\core\gpu\vulkan</Filter>
    </ClInclude>
    <ClInclude Include="include\graphics\renderer.h">
      <Filter>Header Files\graphics</Filter>
    </ClInclude>
    <ClInclude Include="include\graphics\resources\scene.h">
      <Filter>Header Files\graphics\resources</Filter>
    </ClInclude>
    <ClInclude Include="include\loaders\meshLoader.h">
      <Filter>Header Files\loaders</Filter>
    </ClInclude>
    <ClInclude Include="src\core\gpu\vulkan\accelerationStructure_impl.h">
      <Filter>Source Files\core\gpu\vulkan</Filter>
    </ClInclude>
    <ClInclude Include="include\core\gpu\accelerationStructure.h">
      <Filter>Header Files\core\gpu</Filter>
    </ClInclude>
    <ClInclude Include="include\graphics\resources\object\camera.h">
      <Filter>Header Files\graphics\resources\object</Filter>
    </ClInclude>
    <ClInclude Include="include\graphics\resources\property\transform.h">
      <Filter>Header Files\graphics\resources\property</Filter>
    </ClInclude>
    <ClInclude Include="include\graphics\resources\object\object.h">
      <Filter>Header Files\graphics\resources\object</Filter>
    </ClInclude>
    <ClInclude Include="include\graphics\resources\object\light.h">
      <Filter>Header Files\graphics\resources\object</Filter>
    </ClInclude>
    <ClInclude Include="include\graphics\resources\object\material.h">
      <Filter>Header Files\graphics\resources\object</Filter>
    </ClInclude>
    <ClInclude Include="include\graphics\resources\object\mesh.h">
      <Filter>Header Files\graphics\resources\object</Filter>
    </ClInclude>
    <ClInclude Include="include\graphics\resources\project.h">
      <Filter>Header Files\graphics\resources</Filter>
    </ClInclude>
    <ClInclude Include="include\graphics\resources\object\staticMesh.h">
      <Filter>Header Files\graphics\resources\object</Filter>
    </ClInclude>
    <ClInclude Include="..\external\include\imGuizmo\GraphEditor.h">
      <Filter>External\ImGuizmo</Filter>
    </ClInclude>
    <ClInclude Include="..\external\include\imGuizmo\ImCurveEdit.h">
      <Filter>External\ImGuizmo</Filter>
    </ClInclude>
    <ClInclude Include="..\external\include\imGuizmo\ImGradient.h">
      <Filter>External\ImGuizmo</Filter>
    </ClInclude>
    <ClInclude Include="..\external\include\imGuizmo\ImGuizmo.h">
      <Filter>External\ImGuizmo</Filter>
    </ClInclude>
    <ClInclude Include="..\external\include\imGuizmo\ImSequencer.h">
      <Filter>External\ImGuizmo</Filter>
    </ClInclude>
    <ClInclude Include="..\external\include\imGuizmo\ImZoomSlider.h">
      <Filter>External\ImGuizmo</Filter>
    </ClInclude>
    <ClInclude Include="..\external\include\imgui\imconfig.h">
      <Filter>External\ImGui</Filter>
    </ClInclude>
    <ClInclude Include="..\external\include\imgui\imgui.h">
      <Filter>External\ImGui</Filter>
    </ClInclude>
    <ClInclude Include="..\external\include\imgui\imgui_impl_glfw.h">
      <Filter>External\ImGui</Filter>
    </ClInclude>
    <ClInclude Include="..\external\include\imgui\imgui_impl_vulkan.h">
      <Filter>External\ImGui</Filter>
    </ClInclude>
    <ClInclude Include="..\external\include\imgui\imgui_internal.h">
      <Filter>External\ImGui</Filter>
    </ClInclude>
    <ClInclude Include="..\external\include\imgui\imstb_rectpack.h">
      <Filter>External\ImGui</Filter>
    </ClInclude>
    <ClInclude Include="..\external\include\imgui\imstb_textedit.h">
      <Filter>External\ImGui</Filter>
    </ClInclude>
    <ClInclude Include="..\external\include\imgui\imstb_truetype.h">
      <Filter>External\ImGui</Filter>
    </ClInclude>
    <ClInclude Include="include\core\gpu\imguiContext.h">
      <Filter>Header Files\core\gpu</Filter>
    </ClInclude>
    <ClInclude Include="src\core\gpu\vulkan\imguiContext_impl.h">
      <Filter>Source Files\core\gpu\vulkan</Filter>
    </ClInclude>
    <ClInclude Include="..\external\include\MDI\IconsMaterialDesignIcons.h">
      <Filter>external\MDI</Filter>
    </ClInclude>
    <ClInclude Include="..\external\include\portable-file-dialogs\portable-file-dialogs.h">
      <Filter>external\portableFileDialogs</Filter>
    </ClInclude>
    <ClInclude Include="include\loaders\shaderLoader.h">
      <Filter>Header Files\loaders</Filter>
    </ClInclude>
    <ClInclude Include="include\graphics\pass.h">
      <Filter>Header Files\graphics</Filter>
    </ClInclude>
    <ClInclude Include="include\graphics\renderPass\gBufferPass.h">
      <Filter>Header Files\graphics\renderPass</Filter>
    </ClInclude>
    <ClInclude Include="include\graphics\renderPass\lightingPass.h">
      <Filter>Header Files\graphics\renderPass</Filter>
    </ClInclude>
    <ClInclude Include="include\graphics\materialInstance.h">
      <Filter>Header Files\graphics</Filter>
    </ClInclude>
    <ClInclude Include="include\loaders\materialLoader.h">
      <Filter>Header Files\loaders</Filter>
    </ClInclude>
    <ClInclude Include="include\core\input\input.h">
      <Filter>Header Files\core\input</Filter>
    </ClInclude>
    <ClInclude Include="include\core\input\inputAxisCallback.h">
      <Filter>Header Files\core\input</Filter>
    </ClInclude>
    <ClInclude Include="include\core\input\InputCallback.h">
      <Filter>Header Files\core\input</Filter>
    </ClInclude>
    <ClInclude Include="include\utils\NamedStorageMapped.h">
      <Filter>Header Files\utils</Filter>
    </ClInclude>
    <ClInclude Include="include\core\input\actions.h">
      <Filter>Header Files\core\input</Filter>
    </ClInclude>
    <ClInclude Include="include\core\input\keys.h">
      <Filter>Header Files\core\input</Filter>
    </ClInclude>
  </ItemGroup>
  <ItemGroup>
    <ClCompile Include="src\window.cpp">
      <Filter>Source Files\core</Filter>
    </ClCompile>
    <ClCompile Include="src\core\gpu\vulkan\device_impl.cpp">
      <Filter>Source Files\core\gpu\vulkan</Filter>
    </ClCompile>
    <ClCompile Include="src\core\gpu\vulkan\descriptorSet_impl.cpp">
      <Filter>Source Files\core\gpu\vulkan</Filter>
    </ClCompile>
    <ClCompile Include="src\core\gpu\vulkan\buffer_impl.cpp">
      <Filter>Source Files\core\gpu\vulkan</Filter>
    </ClCompile>
    <ClCompile Include="src\core\gpu_detail\converters.cpp">
      <Filter>Source Files\core\gpu\gpu_detail</Filter>
    </ClCompile>
    <ClCompile Include="src\core\gpu\vulkan\image_impl.cpp">
      <Filter>Source Files\core\gpu\vulkan</Filter>
    </ClCompile>
    <ClCompile Include="src\core\gpu\vulkan\commandBuffer_impl.cpp">
      <Filter>Source Files\core\gpu\vulkan</Filter>
    </ClCompile>
    <ClCompile Include="include\core\gpu\texture.h">
      <Filter>Header Files\core\gpu</Filter>
    </ClCompile>
    <ClCompile Include="src\core\gpu\vulkan\texture_impl.cpp">
      <Filter>Source Files\core\gpu\vulkan</Filter>
    </ClCompile>
    <ClCompile Include="src\core\gpu\vulkan\descriptorSetLayout_impl.cpp">
      <Filter>Source Files\core\gpu\vulkan</Filter>
    </ClCompile>
    <ClCompile Include="src\core\gpu\vulkan\descriptorPool_impl.cpp">
      <Filter>Source Files\core\gpu\vulkan</Filter>
    </ClCompile>
    <ClCompile Include="src\core\gpu\vulkan\commandPool_impl.cpp">
      <Filter>Source Files\core\gpu\vulkan</Filter>
    </ClCompile>
    <ClCompile Include="src\core\gpu\vulkan\pipeline_impl.cpp">
      <Filter>Source Files\core\gpu\vulkan</Filter>
    </ClCompile>
    <ClCompile Include="src\graphics\renderer.cpp">
      <Filter>Source Files\graphics</Filter>
    </ClCompile>
    <ClCompile Include="src\loaders\meshLoader.cpp">
      <Filter>Source Files\loaders</Filter>
    </ClCompile>
    <ClCompile Include="src\core\gpu\vulkan\accelerationStructure_impl.cpp">
      <Filter>Source Files\core\gpu\vulkan</Filter>
    </ClCompile>
    <ClCompile Include="src\graphics\resources\object\scene.cpp">
      <Filter>Source Files\graphics\resources</Filter>
    </ClCompile>
    <ClCompile Include="..\external\include\imGuizmo\GraphEditor.cpp">
      <Filter>External\ImGuizmo</Filter>
    </ClCompile>
    <ClCompile Include="..\external\include\imGuizmo\ImCurveEdit.cpp">
      <Filter>External\ImGuizmo</Filter>
    </ClCompile>
    <ClCompile Include="..\external\include\imGuizmo\ImGradient.cpp">
      <Filter>External\ImGuizmo</Filter>
    </ClCompile>
    <ClCompile Include="..\external\include\imGuizmo\ImGuizmo.cpp">
      <Filter>External\ImGuizmo</Filter>
    </ClCompile>
    <ClCompile Include="..\external\include\imGuizmo\ImSequencer.cpp">
      <Filter>External\ImGuizmo</Filter>
    </ClCompile>
    <ClCompile Include="..\external\include\imgui\imgui.cpp">
      <Filter>External\ImGui</Filter>
    </ClCompile>
    <ClCompile Include="..\external\include\imgui\imgui_demo.cpp">
      <Filter>External\ImGui</Filter>
    </ClCompile>
    <ClCompile Include="..\external\include\imgui\imgui_draw.cpp">
      <Filter>External\ImGui</Filter>
    </ClCompile>
    <ClCompile Include="..\external\include\imgui\imgui_impl_glfw.cpp">
      <Filter>External\ImGui</Filter>
    </ClCompile>
    <ClCompile Include="..\external\include\imgui\imgui_impl_vulkan.cpp">
      <Filter>External\ImGui</Filter>
    </ClCompile>
    <ClCompile Include="..\external\include\imgui\imgui_tables.cpp">
      <Filter>External\ImGui</Filter>
    </ClCompile>
    <ClCompile Include="..\external\include\imgui\imgui_widgets.cpp">
      <Filter>External\ImGui</Filter>
    </ClCompile>
    <ClCompile Include="src\core\gpu\vulkan\imguiContext_impl.cpp">
      <Filter>Source Files\core\gpu\vulkan</Filter>
    </ClCompile>
    <ClCompile Include="src\graphics\renderPass\gBufferPass.cpp">
      <Filter>Source Files\graphics\renderPass</Filter>
    </ClCompile>
    <ClCompile Include="src\graphics\renderPass\lightingPass.cpp">
      <Filter>Source Files\graphics\renderPass</Filter>
    </ClCompile>
    <ClCompile Include="src\loaders\materialLoader.cpp">
      <Filter>Source Files\loaders</Filter>
    </ClCompile>
    <ClCompile Include="src\input\input.cpp">
      <Filter>Source Files\core\input</Filter>
    </ClCompile>
  </ItemGroup>
  <ItemGroup>
    <None Include="..\external\include\imGuizmo\.editorconfig">
      <Filter>External\ImGuizmo</Filter>
    </None>
    <None Include="..\bin\assets\shaders\gbuffer.slang">
      <Filter>Resource Files\shaders</Filter>
    </None>
    <None Include="..\bin\assets\shaders\lighting.slang">
      <Filter>Resource Files\shaders</Filter>
    </None>
    <None Include="..\bin\assets\shaders\irradiance_convolution.slang">
      <Filter>Resource Files\shaders</Filter>
    </None>
  </ItemGroup>
  <ItemGroup>
    <Font Include="..\external\fonts\materialdesignicons-webfont.ttf">
      <Filter>external\fonts</Filter>
    </Font>
  </ItemGroup>
</Project>