<?xml version="1.0" encoding="utf-8"?>
<Project ToolsVersion="4.0" xmlns="http://schemas.microsoft.com/developer/msbuild/2003">
  <ItemGroup>
    <Filter Include="Source Files">
      <UniqueIdentifier>{4FC737F1-C7A5-4376-A066-2A32D752A2FF}</UniqueIdentifier>
      <Extensions>cpp;c;cc;cxx;c++;cppm;ixx;def;odl;idl;hpj;bat;asm;asmx</Extensions>
    </Filter>
    <Filter Include="Header Files">
      <UniqueIdentifier>{93995380-89BD-4b04-88EB-625FBE52EBFB}</UniqueIdentifier>
      <Extensions>h;hh;hpp;hxx;h++;hm;inl;inc;ipp;xsd</Extensions>
    </Filter>
    <Filter Include="Resource Files">
      <UniqueIdentifier>{67DA6AB6-F800-4c08-8B7A-83BB121AAD01}</UniqueIdentifier>
      <Extensions>rc;ico;cur;bmp;dlg;rc2;rct;bin;rgs;gif;jpg;jpeg;jpe;resx;tiff;tif;png;wav;mfcribbon-ms</Extensions>
    </Filter>
    <Filter Include="Source Files\core">
      <UniqueIdentifier>{6e804a6a-8495-4c7b-99d8-40cdf15e981a}</UniqueIdentifier>
    </Filter>
    <Filter Include="Header Files\core">
      <UniqueIdentifier>{ab565f96-7e4c-4553-9aff-cc99e9a7dd78}</UniqueIdentifier>
    </Filter>
    <Filter Include="Source Files\core\gpu">
      <UniqueIdentifier>{dba3852a-a25c-4f25-b604-68d3d3b1383d}</UniqueIdentifier>
    </Filter>
    <Filter Include="Header Files\core\gpu">
      <UniqueIdentifier>{112fb698-09f9-4c6a-9076-dd305f0491c3}</UniqueIdentifier>
    </Filter>
    <Filter Include="Source Files\core\gpu\vulkan">
      <UniqueIdentifier>{ffc1c797-0dcd-4aef-8f9f-bb4d9de3c139}</UniqueIdentifier>
    </Filter>
    <Filter Include="Source Files\core\gpu\gpu_detail">
      <UniqueIdentifier>{ca948e10-1622-4fe6-b81d-cef25a9a37e7}</UniqueIdentifier>
    </Filter>
    <Filter Include="Resource Files\shaders">
      <UniqueIdentifier>{669e76bf-29ac-4540-be2a-e98d1e1b01ce}</UniqueIdentifier>
    </Filter>
    <Filter Include="Source Files\graphics">
      <UniqueIdentifier>{f0f8d6f7-313d-45f3-9bea-b03ff55fa51a}</UniqueIdentifier>
    </Filter>
    <Filter Include="Header Files\graphics">
      <UniqueIdentifier>{260b59cd-219e-41fc-ad43-41e58fe1d403}</UniqueIdentifier>
    </Filter>
    <Filter Include="Header Files\graphics\resources">
      <UniqueIdentifier>{8e3f5a15-7bd5-4935-902c-76e50fea865c}</UniqueIdentifier>
    </Filter>
    <Filter Include="Header Files\loaders">
      <UniqueIdentifier>{426604fe-bce5-4add-af24-79f158bf1ff9}</UniqueIdentifier>
    </Filter>
    <Filter Include="Source Files\loaders">
      <UniqueIdentifier>{05673a73-e4b1-4dde-8aa6-dda25ddb6918}</UniqueIdentifier>
    </Filter>
  </ItemGroup>
  <ItemGroup>
    <ClInclude Include="include\core\window.h">
      <Filter>Header Files\core</Filter>
    </ClInclude>
    <ClInclude Include="include\core\gpu\device.h">
      <Filter>Header Files\core\gpu</Filter>
    </ClInclude>
    <ClInclude Include="src\core\gpu\vulkan\device_impl.h">
      <Filter>Source Files\core\gpu\vulkan</Filter>
    </ClInclude>
    <ClInclude Include="include\core\gpu\descriptorSet.h">
      <Filter>Header Files\core\gpu</Filter>
    </ClInclude>
    <ClInclude Include="src\core\gpu\vulkan\descriptorSet_impl.h">
      <Filter>Source Files\core\gpu\vulkan</Filter>
    </ClInclude>
    <ClInclude Include="include\core\enum.h">
      <Filter>Header Files\core</Filter>
    </ClInclude>
    <ClInclude Include="include\core\gpu\buffer.h">
      <Filter>Header Files\core\gpu</Filter>
    </ClInclude>
    <ClInclude Include="include\core\gpu\sampler.h">
      <Filter>Header Files\core\gpu</Filter>
    </ClInclude>
    <ClInclude Include="src\core\gpu\vulkan\buffer_impl.h">
      <Filter>Source Files\core\gpu\vulkan</Filter>
    </ClInclude>
    <ClInclude Include="src\core\gpu\vulkan\sampler_impl.h">
      <Filter>Source Files\core\gpu\vulkan</Filter>
    </ClInclude>
    <ClInclude Include="src\core\gpu_detail\converters.h">
      <Filter>Source Files\core\gpu\gpu_detail</Filter>
    </ClInclude>
    <ClInclude Include="include\core\gpu\image.h">
      <Filter>Header Files\core\gpu</Filter>
    </ClInclude>
    <ClInclude Include="src\core\gpu\vulkan\image_impl.h">
      <Filter>Source Files\core\gpu\vulkan</Filter>
    </ClInclude>
    <ClInclude Include="include\core\gpu\commandBuffer.h">
      <Filter>Header Files\core\gpu</Filter>
    </ClInclude>
    <ClInclude Include="src\core\gpu\vulkan\commandBuffer_impl.h">
      <Filter>Source Files\core\gpu\vulkan</Filter>
    </ClInclude>
    <ClInclude Include="src\core\gpu\vulkan\texture_impl.h">
      <Filter>Source Files\core\gpu\vulkan</Filter>
    </ClInclude>
    <ClInclude Include="include\core\gpu\descriptorPool.h">
      <Filter>Header Files\core\gpu</Filter>
    </ClInclude>
    <ClInclude Include="include\core\gpu\descriptorSetLayout.h">
      <Filter>Header Files\core\gpu</Filter>
    </ClInclude>
    <ClInclude Include="src\core\gpu\vulkan\descriptorSetLayout_impl.h">
      <Filter>Source Files\core\gpu\vulkan</Filter>
    </ClInclude>
    <ClInclude Include="src\core\gpu\vulkan\descriptorPool_impl.h">
      <Filter>Source Files\core\gpu\vulkan</Filter>
    </ClInclude>
    <ClInclude Include="include\core\gpu\commandPool.h">
      <Filter>Header Files\core\gpu</Filter>
    </ClInclude>
    <ClInclude Include="src\core\gpu\vulkan\commandPool_impl.h">
      <Filter>Source Files\core\gpu\vulkan</Filter>
    </ClInclude>
    <ClInclude Include="include\core\gpu\pipeline.h">
      <Filter>Header Files\core\gpu</Filter>
    </ClInclude>
    <ClInclude Include="include\core\gpu\swapchain.h">
      <Filter>Header Files\core\gpu</Filter>
    </ClInclude>
    <ClInclude Include="src\core\gpu\vulkan\pipeline_impl.h">
      <Filter>Source Files\core\gpu\vulkan</Filter>
    </ClInclude>
    <ClInclude Include="src\core\gpu\vulkan\swapchain_impl.h">
      <Filter>Source Files\core\gpu\vulkan</Filter>
    </ClInclude>
    <ClInclude Include="include\graphics\renderer.h">
      <Filter>Header Files\graphics</Filter>
    </ClInclude>
    <ClInclude Include="include\graphics\resources\mesh.h">
      <Filter>Header Files\graphics\resources</Filter>
    </ClInclude>
    <ClInclude Include="include\graphics\resources\scene.h">
      <Filter>Header Files\graphics\resources</Filter>
    </ClInclude>
    <ClInclude Include="include\loaders\meshLoader.h">
      <Filter>Header Files\loaders</Filter>
    </ClInclude>
    <ClInclude Include="include\graphics\resources\material.h">
      <Filter>Header Files\graphics\resources</Filter>
    </ClInclude>
    <ClInclude Include="include\graphics\resources\light.h">
      <Filter>Header Files\graphics\resources</Filter>
    </ClInclude>
  </ItemGroup>
  <ItemGroup>
    <ClCompile Include="src\window.cpp">
      <Filter>Source Files\core</Filter>
    </ClCompile>
    <ClCompile Include="src\core\gpu\vulkan\device_impl.cpp">
      <Filter>Source Files\core\gpu\vulkan</Filter>
    </ClCompile>
    <ClCompile Include="src\core\gpu\vulkan\descriptorSet_impl.cpp">
      <Filter>Source Files\core\gpu\vulkan</Filter>
    </ClCompile>
    <ClCompile Include="src\core\gpu\vulkan\buffer_impl.cpp">
      <Filter>Source Files\core\gpu\vulkan</Filter>
    </ClCompile>
    <ClCompile Include="src\core\gpu\vulkan\sampler_impl.cpp">
      <Filter>Source Files\core\gpu\vulkan</Filter>
    </ClCompile>
    <ClCompile Include="src\core\gpu_detail\converters.cpp">
      <Filter>Source Files\core\gpu\gpu_detail</Filter>
    </ClCompile>
    <ClCompile Include="src\core\gpu\vulkan\image_impl.cpp">
      <Filter>Source Files\core\gpu\vulkan</Filter>
    </ClCompile>
    <ClCompile Include="src\core\gpu\vulkan\commandBuffer_impl.cpp">
      <Filter>Source Files\core\gpu\vulkan</Filter>
    </ClCompile>
    <ClCompile Include="include\core\gpu\texture.h">
      <Filter>Header Files\core\gpu</Filter>
    </ClCompile>
    <ClCompile Include="src\core\gpu\vulkan\texture_impl.cpp">
      <Filter>Source Files\core\gpu\vulkan</Filter>
    </ClCompile>
    <ClCompile Include="src\core\gpu\vulkan\descriptorSetLayout_impl.cpp">
      <Filter>Source Files\core\gpu\vulkan</Filter>
    </ClCompile>
    <ClCompile Include="src\core\gpu\vulkan\descriptorPool_impl.cpp">
      <Filter>Source Files\core\gpu\vulkan</Filter>
    </ClCompile>
    <ClCompile Include="src\core\gpu\vulkan\commandPool_impl.cpp">
      <Filter>Source Files\core\gpu\vulkan</Filter>
    </ClCompile>
    <ClCompile Include="src\core\gpu\vulkan\pipeline_impl.cpp">
      <Filter>Source Files\core\gpu\vulkan</Filter>
    </ClCompile>
    <ClCompile Include="src\core\gpu\vulkan\swapchain_impl.cpp">
      <Filter>Source Files\core\gpu\vulkan</Filter>
    </ClCompile>
    <ClCompile Include="src\graphics\renderer.cpp">
      <Filter>Source Files\graphics</Filter>
    </ClCompile>
    <ClCompile Include="src\loaders\meshLoader.cpp">
      <Filter>Source Files\loaders</Filter>
    </ClCompile>
  </ItemGroup>
  <ItemGroup>
    <None Include="..\bin\assets\shaders\shader.slang">
      <Filter>Resource Files\shader</Filter>
    </None>
  </ItemGroup>
</Project>