<?xml version="1.0" encoding="utf-8"?>
<Project ToolsVersion="4.0" xmlns="http://schemas.microsoft.com/developer/msbuild/2003">
  <ItemGroup>
    <Filter Include="Source Files">
      <UniqueIdentifier>{4FC737F1-C7A5-4376-A066-2A32D752A2FF}</UniqueIdentifier>
      <Extensions>cpp;c;cc;cxx;c++;cppm;ixx;def;odl;idl;hpj;bat;asm;asmx</Extensions>
    </Filter>
    <Filter Include="Header Files">
      <UniqueIdentifier>{93995380-89BD-4b04-88EB-625FBE52EBFB}</UniqueIdentifier>
      <Extensions>h;hh;hpp;hxx;h++;hm;inl;inc;ipp;xsd</Extensions>
    </Filter>
    <Filter Include="Resource Files">
      <UniqueIdentifier>{67DA6AB6-F800-4c08-8B7A-83BB121AAD01}</UniqueIdentifier>
      <Extensions>rc;ico;cur;bmp;dlg;rc2;rct;bin;rgs;gif;jpg;jpeg;jpe;resx;tiff;tif;png;wav;mfcribbon-ms</Extensions>
    </Filter>
    <Filter Include="Source Files\vkb">
      <UniqueIdentifier>{bd6f4775-ffcb-43b4-a1e7-82a1c3aa66b7}</UniqueIdentifier>
    </Filter>
    <Filter Include="Resource Files\shaders">
      <UniqueIdentifier>{6c54bf2b-42be-4422-9658-c037403a4826}</UniqueIdentifier>
    </Filter>
    <Filter Include="Resource Files\meshes">
      <UniqueIdentifier>{df80981e-bba8-409c-bc71-179f024dfff9}</UniqueIdentifier>
    </Filter>
    <Filter Include="Header Files\core">
      <UniqueIdentifier>{48c7316c-2e0d-473b-b02f-90f71745585f}</UniqueIdentifier>
    </Filter>
    <Filter Include="Source Files\core">
      <UniqueIdentifier>{35fbcccd-5089-4ebf-b926-a6f7c6c280f7}</UniqueIdentifier>
    </Filter>
    <Filter Include="Source Files\core\gpu">
      <UniqueIdentifier>{37793ba8-ca2a-4921-8106-033bdd5d42ec}</UniqueIdentifier>
    </Filter>
    <Filter Include="Header Files\core\gpu">
      <UniqueIdentifier>{31028c06-3391-4d8c-826c-1bfe0e1568c4}</UniqueIdentifier>
    </Filter>
    <Filter Include="Source Files\graphics">
      <UniqueIdentifier>{e7857660-aa32-4544-923f-dd03448b715e}</UniqueIdentifier>
    </Filter>
    <Filter Include="Source Files\graphics\loaders">
      <UniqueIdentifier>{9101aa7a-8d4a-47c5-9425-387ba459b153}</UniqueIdentifier>
    </Filter>
    <Filter Include="Source Files\graphics\resources">
      <UniqueIdentifier>{c32cc89c-bd47-49b8-a07d-2b3fe1fd7151}</UniqueIdentifier>
    </Filter>
    <Filter Include="Source Files\graphics\scene">
      <UniqueIdentifier>{d65c7bc6-8622-4b4e-a3cf-c7aee40d454a}</UniqueIdentifier>
    </Filter>
  </ItemGroup>
  <ItemGroup>
    <ClCompile Include="src\core\gpu\commandBuffer_impl_vulkan.cpp">
      <Filter>Source Files\core\gpu</Filter>
    </ClCompile>
    <ClCompile Include="src\core\gpu\gpuDevice_impl_glfw_vulkan.cpp">
      <Filter>Source Files\core\gpu</Filter>
    </ClCompile>
    <ClCompile Include="src\core\gpu\image_impl_vulkan.cpp">
      <Filter>Source Files\core\gpu</Filter>
    </ClCompile>
    <ClCompile Include="src\core\gpu\pipeline_impl_vulkan.cpp">
      <Filter>Source Files\core\gpu</Filter>
    </ClCompile>
    <ClCompile Include="src\core\gpu\window_impl_vulkan.cpp">
      <Filter>Source Files\core\gpu</Filter>
    </ClCompile>
    <ClCompile Include="src\vkb\VkBootstrap.cpp">
      <Filter>Source Files\vkb</Filter>
    </ClCompile>
    <ClCompile Include="src\graphics\loaders\gltfLoader.cpp">
      <Filter>Source Files\graphics\loaders</Filter>
    </ClCompile>
    <ClCompile Include="src\graphics\loaders\shaderLoader.cpp">
      <Filter>Source Files\graphics\loaders</Filter>
    </ClCompile>
    <ClCompile Include="src\graphics\resources\mesh.cpp">
      <Filter>Source Files\graphics\resources</Filter>
    </ClCompile>
    <ClCompile Include="src\graphics\scene\scene.cpp">
      <Filter>Source Files\graphics\scene</Filter>
    </ClCompile>
    <ClCompile Include="src\graphics\renderer_impl_vulkan.cpp">
      <Filter>Source Files\graphics</Filter>
    </ClCompile>
    <ClCompile Include="src\graphics\meshRenderer.cpp">
      <Filter>Source Files\graphics</Filter>
    </ClCompile>
    <ClCompile Include="src\graphics\loaders\textureLoader.cpp">
      <Filter>Source Files\graphics\loaders</Filter>
    </ClCompile>
    <ClCompile Include="src\graphics\renderGraph.cpp">
      <Filter>Source Files\graphics</Filter>
    </ClCompile>
  </ItemGroup>
  <ItemGroup>
    <ClInclude Include="include\core\gpu\commandBuffer.h">
      <Filter>Header Files\core\gpu</Filter>
    </ClInclude>
    <ClInclude Include="include\core\gpu\gpuDevice.h">
      <Filter>Header Files\core\gpu</Filter>
    </ClInclude>
    <ClInclude Include="include\core\gpu\image.h">
      <Filter>Header Files\core\gpu</Filter>
    </ClInclude>
    <ClInclude Include="include\core\gpu\pipeline.h">
      <Filter>Header Files\core\gpu</Filter>
    </ClInclude>
    <ClInclude Include="include\core\gpu\renderer.h">
      <Filter>Header Files\core\gpu</Filter>
    </ClInclude>
    <ClInclude Include="include\core\gpu\renderingInfo.h">
      <Filter>Header Files\core\gpu</Filter>
    </ClInclude>
    <ClInclude Include="include\core\gpu\window.h">
      <Filter>Header Files\core\gpu</Filter>
    </ClInclude>
    <ClInclude Include="src\core\gpu\commandBuffer_impl_vulkan.h">
      <Filter>Source Files\core\gpu</Filter>
    </ClInclude>
    <ClInclude Include="src\core\gpu\gpuDevice_impl_glfw_vulkan.h">
      <Filter>Source Files\core\gpu</Filter>
    </ClInclude>
    <ClInclude Include="src\core\gpu\image_impl_vulkan.h">
      <Filter>Source Files\core\gpu</Filter>
    </ClInclude>
    <ClInclude Include="src\core\gpu\pipeline_impl_vulkan.h">
      <Filter>Source Files\core\gpu</Filter>
    </ClInclude>
    <ClInclude Include="src\core\gpu\window_impl_vulkan.h">
      <Filter>Source Files\core\gpu</Filter>
    </ClInclude>
    <ClInclude Include="src\vkb\VkBootstrap.h">
      <Filter>Source Files\vkb</Filter>
    </ClInclude>
    <ClInclude Include="src\vkb\VkBootstrapDispatch.h">
      <Filter>Source Files\vkb</Filter>
    </ClInclude>
    <ClInclude Include="src\graphics\loaders\gltfLoader.h">
      <Filter>Source Files\graphics\loaders</Filter>
    </ClInclude>
    <ClInclude Include="src\graphics\loaders\shaderLoader.h">
      <Filter>Source Files\graphics\loaders</Filter>
    </ClInclude>
    <ClInclude Include="src\graphics\resources\material.h">
      <Filter>Source Files\graphics\resources</Filter>
    </ClInclude>
    <ClInclude Include="src\graphics\resources\mesh.h">
      <Filter>Source Files\graphics\resources</Filter>
    </ClInclude>
    <ClInclude Include="src\graphics\scene\scene.h">
      <Filter>Source Files\graphics\scene</Filter>
    </ClInclude>
    <ClInclude Include="src\graphics\renderer_impl_vulkan.h">
      <Filter>Source Files\graphics</Filter>
    </ClInclude>
    <ClInclude Include="src\graphics\meshRenderer.h">
      <Filter>Source Files\graphics</Filter>
    </ClInclude>
    <ClInclude Include="src\graphics\resources\texture.h">
      <Filter>Source Files\graphics\resources</Filter>
    </ClInclude>
    <ClInclude Include="src\graphics\loaders\textureLoader.h">
      <Filter>Source Files\graphics\loaders</Filter>
    </ClInclude>
    <ClInclude Include="src\graphics\renderGraph.h">
      <Filter>Source Files\graphics</Filter>
    </ClInclude>
  </ItemGroup>
  <ItemGroup>
    <None Include="..\bin\assets\meshes\basicmesh.glb">
      <Filter>Resource Files\meshes</Filter>
    </None>
    <None Include="..\bin\assets\meshes\house.glb">
      <Filter>Resource Files\meshes</Filter>
    </None>
    <None Include="..\bin\assets\meshes\house2.glb">
      <Filter>Resource Files\meshes</Filter>
    </None>
    <None Include="..\bin\assets\meshes\lost_empire.mtl">
      <Filter>Resource Files\meshes</Filter>
    </None>
    <None Include="..\bin\assets\meshes\monkey.glb">
      <Filter>Resource Files\meshes</Filter>
    </None>
    <None Include="..\bin\assets\meshes\monkey_flat.mtl">
      <Filter>Resource Files\meshes</Filter>
    </None>
    <None Include="..\bin\assets\meshes\monkey_smooth.mtl">
      <Filter>Resource Files\meshes</Filter>
    </None>
    <None Include="..\bin\assets\meshes\monkey2.glb">
      <Filter>Resource Files\meshes</Filter>
    </None>
    <None Include="..\bin\assets\meshes\monkeyHD.glb">
      <Filter>Resource Files\meshes</Filter>
    </None>
    <None Include="..\bin\assets\meshes\structure.glb">
      <Filter>Resource Files\meshes</Filter>
    </None>
    <None Include="..\bin\assets\meshes\structure_mat.glb">
      <Filter>Resource Files\meshes</Filter>
    </None>
  </ItemGroup>
  <ItemGroup>
    <Text Include="..\bin\assets\meshes\copyright.txt">
      <Filter>Resource Files\meshes</Filter>
    </Text>
  </ItemGroup>
  <ItemGroup>
    <Image Include="..\bin\assets\meshes\lost_empire-Alpha.png">
      <Filter>Resource Files\meshes</Filter>
    </Image>
    <Image Include="..\bin\assets\meshes\lost_empire-RGB.png">
      <Filter>Resource Files\meshes</Filter>
    </Image>
    <Image Include="..\bin\assets\meshes\lost_empire-RGBA.png">
      <Filter>Resource Files\meshes</Filter>
    </Image>
  </ItemGroup>
  <ItemGroup>
    <CustomBuild Include="..\bin\assets\shaders\triangle.frag">
      <Filter>Resource Files\shaders</Filter>
    </CustomBuild>
    <CustomBuild Include="..\bin\assets\shaders\triangle.vert">
      <Filter>Resource Files\shaders</Filter>
    </CustomBuild>
    <CustomBuild Include="..\bin\assets\shaders\mesh.frag">
      <Filter>Resource Files\shaders</Filter>
    </CustomBuild>
    <CustomBuild Include="..\bin\assets\shaders\mesh.vert">
      <Filter>Resource Files\shaders</Filter>
    </CustomBuild>
  </ItemGroup>
</Project>