<?xml version="1.0" encoding="utf-8"?>
<Project ToolsVersion="4.0" xmlns="http://schemas.microsoft.com/developer/msbuild/2003">
  <ItemGroup>
    <Filter Include="Source Files">
      <UniqueIdentifier>{4FC737F1-C7A5-4376-A066-2A32D752A2FF}</UniqueIdentifier>
      <Extensions>cpp;c;cc;cxx;c++;cppm;ixx;def;odl;idl;hpj;bat;asm;asmx</Extensions>
    </Filter>
    <Filter Include="Header Files">
      <UniqueIdentifier>{93995380-89BD-4b04-88EB-625FBE52EBFB}</UniqueIdentifier>
      <Extensions>h;hh;hpp;hxx;h++;hm;inl;inc;ipp;xsd</Extensions>
    </Filter>
    <Filter Include="Resource Files">
      <UniqueIdentifier>{67DA6AB6-F800-4c08-8B7A-83BB121AAD01}</UniqueIdentifier>
      <Extensions>rc;ico;cur;bmp;dlg;rc2;rct;bin;rgs;gif;jpg;jpeg;jpe;resx;tiff;tif;png;wav;mfcribbon-ms</Extensions>
    </Filter>
    <Filter Include="Header Files\utils">
      <UniqueIdentifier>{bc4a6f24-0a63-42e9-a8d5-69a1a9b138ec}</UniqueIdentifier>
    </Filter>
    <Filter Include="Source Files\utils">
      <UniqueIdentifier>{14760e3f-abe1-41b8-9e76-520568f183a7}</UniqueIdentifier>
    </Filter>
    <Filter Include="Header Files\windows">
      <UniqueIdentifier>{17785fff-e892-4925-bd87-37d6100a1859}</UniqueIdentifier>
    </Filter>
    <Filter Include="Source Files\windows">
      <UniqueIdentifier>{e752945f-d482-4a1c-bd46-8e71113e0871}</UniqueIdentifier>
    </Filter>
    <Filter Include="Header Files\command">
      <UniqueIdentifier>{77d0ba72-553f-4605-9763-9d6d31960670}</UniqueIdentifier>
    </Filter>
    <Filter Include="Source Files\command">
      <UniqueIdentifier>{783db37f-cb72-4d71-8d30-fccedd63c20a}</UniqueIdentifier>
    </Filter>
  </ItemGroup>
  <ItemGroup>
    <ClCompile Include="src\main.cpp">
      <Filter>Source Files</Filter>
    </ClCompile>
    <ClCompile Include="src\imGuiWindows.cpp">
      <Filter>Source Files</Filter>
    </ClCompile>
    <ClCompile Include="src\utils\fileTypeDetector.cpp">
      <Filter>Source Files\utils</Filter>
    </ClCompile>
    <ClCompile Include="src\utils\yamlParser.cpp">
      <Filter>Source Files\utils</Filter>
    </ClCompile>
    <ClCompile Include="src\contentDrawer.cpp">
      <Filter>Source Files\windows</Filter>
    </ClCompile>
    <ClCompile Include="src\command\commandHistory.cpp">
      <Filter>Source Files\command</Filter>
    </ClCompile>
    <ClCompile Include="src\command\fileCommands.cpp">
      <Filter>Source Files\command</Filter>
    </ClCompile>
    <ClCompile Include="src\newProjectModal.cpp">
      <Filter>Source Files</Filter>
    </ClCompile>
    <ClCompile Include="src\editorWindows\sceneInspector.cpp">
      <Filter>Source Files\windows</Filter>
    </ClCompile>
  </ItemGroup>
  <ItemGroup>
    <ClInclude Include="include\imGuiWindows.h">
      <Filter>Header Files</Filter>
    </ClInclude>
    <ClInclude Include="include\utils\fileTypeDetector.h">
      <Filter>Header Files\utils</Filter>
    </ClInclude>
    <ClInclude Include="include\utils\yamlParser.h">
      <Filter>Header Files\utils</Filter>
    </ClInclude>
    <ClInclude Include="include\contentDrawer.h">
      <Filter>Header Files\windows</Filter>
    </ClInclude>
    <ClInclude Include="include\command\command.h">
      <Filter>Header Files\command</Filter>
    </ClInclude>
    <ClInclude Include="include\command\commandHistory.h">
      <Filter>Header Files\command</Filter>
    </ClInclude>
    <ClInclude Include="include\command\fileCommands.h">
      <Filter>Header Files\command</Filter>
    </ClInclude>
    <ClInclude Include="include\newProjectModal.h">
      <Filter>Header Files</Filter>
    </ClInclude>
    <ClInclude Include="include\editorWindows\sceneInspector.h">
      <Filter>Header Files\windows</Filter>
    </ClInclude>
    <ClInclude Include="include\utils\sceneResource.h">
      <Filter>Header Files\utils</Filter>
    </ClInclude>
  </ItemGroup>
</Project>